
Microsoft Visual Studio Solution File, Format Version 12.00
# Visual Studio 15
VisualStudioVersion = 15.0.28307.757
MinimumVisualStudioVersion = 10.0.40219.1
Project("{888888A0-9F3D-457C-B088-3A5042F75D52}") = "local_runner", "local_runner.pyproj", "{D244748F-A11F-46BE-8EC9-0CE5AA3041A0}"
EndProject
Global
	GlobalSection(SolutionConfigurationPlatforms) = preSolution
		Debug|Any CPU = Debug|Any CPU
		Release|Any CPU = Release|Any CPU
	EndGlobalSection
	GlobalSection(ProjectConfigurationPlatforms) = postSolution
		{D244748F-A11F-46BE-8EC9-0CE5AA3041A0}.Debug|Any CPU.ActiveCfg = Debug|Any CPU
		{D244748F-A11F-46BE-8EC9-0CE5AA3041A0}.Release|Any CPU.ActiveCfg = Release|Any CPU
	EndGlobalSection
	GlobalSection(SolutionProperties) = preSolution
		HideSolutionNode = FALSE
	EndGlobalSection
	GlobalSection(ExtensibilityGlobals) = postSolution
		SolutionGuid = {B28CCF9A-CE4A-4ADC-8A09-D28954B4E143}
	EndGlobalSection
EndGlobal
